
Microsoft Visual Studio Solution File, Format Version 12.00
# Visual Studio Version 17
VisualStudioVersion = 17.9.34728.123
MinimumVisualStudioVersion = 10.0.40219.1
Project("{FAE04EC0-301F-11D3-BF4B-00C04F79EFBC}") = "MongoDbPractice", "MongoDbPractice\MongoDbPractice.csproj", "{AB8127A7-3453-48BE-90E9-D043CC70A694}"
EndProject
Global
	GlobalSection(SolutionConfigurationPlatforms) = preSolution
		Debug|Any CPU = Debug|Any CPU
		Release|Any CPU = Release|Any CPU
	EndGlobalSection
	GlobalSection(ProjectConfigurationPlatforms) = postSolution
		{AB8127A7-3453-48BE-90E9-D043CC70A694}.Debug|Any CPU.ActiveCfg = Debug|Any CPU
		{AB8127A7-3453-48BE-90E9-D043CC70A694}.Debug|Any CPU.Build.0 = Debug|Any CPU
		{AB8127A7-3453-48BE-90E9-D043CC70A694}.Release|Any CPU.ActiveCfg = Release|Any CPU
		{AB8127A7-3453-48BE-90E9-D043CC70A694}.Release|Any CPU.Build.0 = Release|Any CPU
	EndGlobalSection
	GlobalSection(SolutionProperties) = preSolution
		HideSolutionNode = FALSE
	EndGlobalSection
	GlobalSection(ExtensibilityGlobals) = postSolution
		SolutionGuid = {EDD2F9B2-1EA1-4EBA-B55C-BFEEB3B07C66}
	EndGlobalSection
EndGlobal
